
Microsoft Visual Studio Solution File, Format Version 12.00
# Visual Studio Version 17
VisualStudioVersion = 17.7.34031.279
MinimumVisualStudioVersion = 10.0.40219.1
Project("{9A19103F-16F7-4668-BE54-9A1E7A4F7556}") = "Accountify", "Accountify\Accountify.csproj", "{7C919EE4-0AFC-46C7-A6DD-11C8B0198603}"
EndProject
Global
	GlobalSection(SolutionConfigurationPlatforms) = preSolution
		Debug|Any CPU = Debug|Any CPU
		Release|Any CPU = Release|Any CPU
	EndGlobalSection
	GlobalSection(ProjectConfigurationPlatforms) = postSolution
		{7C919EE4-0AFC-46C7-A6DD-11C8B0198603}.Debug|Any CPU.ActiveCfg = Debug|Any CPU
		{7C919EE4-0AFC-46C7-A6DD-11C8B0198603}.Debug|Any CPU.Build.0 = Debug|Any CPU
		{7C919EE4-0AFC-46C7-A6DD-11C8B0198603}.Release|Any CPU.ActiveCfg = Release|Any CPU
		{7C919EE4-0AFC-46C7-A6DD-11C8B0198603}.Release|Any CPU.Build.0 = Release|Any CPU
	EndGlobalSection
	GlobalSection(SolutionProperties) = preSolution
		HideSolutionNode = FALSE
	EndGlobalSection
	GlobalSection(ExtensibilityGlobals) = postSolution
		SolutionGuid = {5C55CFCB-290B-4737-BDE2-E215B5B98661}
	EndGlobalSection
EndGlobal
